
Microsoft Visual Studio Solution File, Format Version 12.00
# Visual Studio Version 16
VisualStudioVersion = 16.0.30804.86
MinimumVisualStudioVersion = 10.0.40219.1
Project("{FAE04EC0-301F-11D3-BF4B-00C04F79EFBC}") = "CursoMVC", "CursoMVC.csproj", "{FDB5D562-9C11-4409-BEA0-9E6DFCE55B7B}"
EndProject
Global
	GlobalSection(SolutionConfigurationPlatforms) = preSolution
		Debug|Any CPU = Debug|Any CPU
		Release|Any CPU = Release|Any CPU
	EndGlobalSection
	GlobalSection(ProjectConfigurationPlatforms) = postSolution
		{FDB5D562-9C11-4409-BEA0-9E6DFCE55B7B}.Debug|Any CPU.ActiveCfg = Debug|Any CPU
		{FDB5D562-9C11-4409-BEA0-9E6DFCE55B7B}.Debug|Any CPU.Build.0 = Debug|Any CPU
		{FDB5D562-9C11-4409-BEA0-9E6DFCE55B7B}.Release|Any CPU.ActiveCfg = Release|Any CPU
		{FDB5D562-9C11-4409-BEA0-9E6DFCE55B7B}.Release|Any CPU.Build.0 = Release|Any CPU
	EndGlobalSection
	GlobalSection(SolutionProperties) = preSolution
		HideSolutionNode = FALSE
	EndGlobalSection
	GlobalSection(ExtensibilityGlobals) = postSolution
		SolutionGuid = {8CACDBF3-2759-4BE9-BD19-5B300E4098D4}
	EndGlobalSection
EndGlobal
